lockfileVersion: '9.0'

settings:
  autoInstallPeers: true
  excludeLinksFromLockfile: false

importers:

  .:
    devDependencies:
      prettier:
        specifier: 3.7.2
        version: 3.7.2

packages:

  prettier@3.7.2:
    resolution: {integrity: sha512-n3HV2J6QhItCXndGa3oMWvWFAgN1ibnS7R9mt6iokScBOC0Ul9/iZORmU2IWUMcyAQaMPjTlY3uT34TqocUxMA==}
    engines: {node: '>=14'}
    hasBin: true

snapshots:

  prettier@3.7.2: {}
