lockfileVersion: '9.0'

settings:
  autoInstallPeers: true
  excludeLinksFromLockfile: false

importers:

  .:
    devDependencies:
      prettier:
        specifier: 3.7.0
        version: 3.7.0

packages:

  prettier@3.7.0:
    resolution: {integrity: sha512-pBiBj/gjRY9Qpk1b7cDda6Rbwvkaggos779AHQ0Ek/odwDx6xG6DRBxtnp1QmxbuD7pAO8/SQ8vuhtGv9LoLWA==}
    engines: {node: '>=14'}
    hasBin: true

snapshots:

  prettier@3.7.0: {}
